{
  "originHash" : "533de208f7207fdd36b99a2f0036707fca012c23defe0e4e99a820106aff336d",
  "pins" : [
    {
      "identity" : "purchases-ios-spm",
      "kind" : "remoteSourceControl",
      "location" : "https://github.com/RevenueCat/purchases-ios-spm.git",
      "state" : {
        "revision" : "d372cccdfb925dbc9d0e5ff640d5454fdfc5cf16",
        "version" : "5.44.0"
      }
    }
  ],
  "version" : 3
}
